// !$*UTF8*$!
{
	archiveVersion = 1;
	classes = {
	};
	objectVersion = 56;
	objects = {

/* Begin PBXBuildFile section */
		AB2170E72A73F5BF006B901A /* Valorant_Guide_SwiftUIApp.swift in Sources */ = {isa = PBXBuildFile; fileRef = AB2170E62A73F5BF006B901A /* Valorant_Guide_SwiftUIApp.swift */; };
		AB2170EB2A73F5C0006B901A /* Assets.xcassets in Resources */ = {isa = PBXBuildFile; fileRef = AB2170EA2A73F5C0006B901A /* Assets.xcassets */; };
		AB2170EE2A73F5C0006B901A /* Preview Assets.xcassets in Resources */ = {isa = PBXBuildFile; fileRef = AB2170ED2A73F5C0006B901A /* Preview Assets.xcassets */; };
		AB2170F82A74008F006B901A /* APIHandler.swift in Sources */ = {isa = PBXBuildFile; fileRef = AB2170F72A74008F006B901A /* APIHandler.swift */; };
		AB2170FD2A741E85006B901A /* Test.swift in Sources */ = {isa = PBXBuildFile; fileRef = AB2170FC2A741E85006B901A /* Test.swift */; };
		AB2171012A751449006B901A /* AgentsParser.swift in Sources */ = {isa = PBXBuildFile; fileRef = AB2171002A751449006B901A /* AgentsParser.swift */; };
		AB2171042A751464006B901A /* OptionallyDecodable in Frameworks */ = {isa = PBXBuildFile; productRef = AB2171032A751464006B901A /* OptionallyDecodable */; };
		AB2171062A751499006B901A /* BundlesParser.swift in Sources */ = {isa = PBXBuildFile; fileRef = AB2171052A751499006B901A /* BundlesParser.swift */; };
		AB2171082A7515B1006B901A /* MapsParser.swift in Sources */ = {isa = PBXBuildFile; fileRef = AB2171072A7515B1006B901A /* MapsParser.swift */; };
		AB21710A2A75165F006B901A /* SeasonsParser.swift in Sources */ = {isa = PBXBuildFile; fileRef = AB2171092A75165F006B901A /* SeasonsParser.swift */; };
		AB21710C2A75170D006B901A /* WeaponsParser.swift in Sources */ = {isa = PBXBuildFile; fileRef = AB21710B2A75170D006B901A /* WeaponsParser.swift */; };
		AB2171102A751D1E006B901A /* MainView.swift in Sources */ = {isa = PBXBuildFile; fileRef = AB21710F2A751D1E006B901A /* MainView.swift */; };
		AB5293072A751F800095679B /* AgentViewModel.swift in Sources */ = {isa = PBXBuildFile; fileRef = AB5293062A751F800095679B /* AgentViewModel.swift */; };
		AB5293092A7546070095679B /* AgentsView.swift in Sources */ = {isa = PBXBuildFile; fileRef = AB5293082A7546070095679B /* AgentsView.swift */; };
		AB52930C2A754C010095679B /* SDWebImageSwiftUI in Frameworks */ = {isa = PBXBuildFile; productRef = AB52930B2A754C010095679B /* SDWebImageSwiftUI */; };
/* End PBXBuildFile section */

/* Begin PBXFileReference section */
		AB2170E32A73F5BF006B901A /* Valorant-Guide-SwiftUI.app */ = {isa = PBXFileReference; explicitFileType = wrapper.application; includeInIndex = 0; path = "Valorant-Guide-SwiftUI.app"; sourceTree = BUILT_PRODUCTS_DIR; };
		AB2170E62A73F5BF006B901A /* Valorant_Guide_SwiftUIApp.swift */ = {isa = PBXFileReference; lastKnownFileType = sourcecode.swift; path = Valorant_Guide_SwiftUIApp.swift; sourceTree = "<group>"; };
		AB2170EA2A73F5C0006B901A /* Assets.xcassets */ = {isa = PBXFileReference; lastKnownFileType = folder.assetcatalog; path = Assets.xcassets; sourceTree = "<group>"; };
		AB2170ED2A73F5C0006B901A /* Preview Assets.xcassets */ = {isa = PBXFileReference; lastKnownFileType = folder.assetcatalog; path = "Preview Assets.xcassets"; sourceTree = "<group>"; };
		AB2170F72A74008F006B901A /* APIHandler.swift */ = {isa = PBXFileReference; lastKnownFileType = sourcecode.swift; path = APIHandler.swift; sourceTree = "<group>"; };
		AB2170FB2A741E2F006B901A /* Empty.md */ = {isa = PBXFileReference; lastKnownFileType = net.daringfireball.markdown; path = Empty.md; sourceTree = "<group>"; };
		AB2170FC2A741E85006B901A /* Test.swift */ = {isa = PBXFileReference; lastKnownFileType = sourcecode.swift; path = Test.swift; sourceTree = "<group>"; };
		AB2171002A751449006B901A /* AgentsParser.swift */ = {isa = PBXFileReference; lastKnownFileType = sourcecode.swift; path = AgentsParser.swift; sourceTree = "<group>"; };
		AB2171052A751499006B901A /* BundlesParser.swift */ = {isa = PBXFileReference; lastKnownFileType = sourcecode.swift; path = BundlesParser.swift; sourceTree = "<group>"; };
		AB2171072A7515B1006B901A /* MapsParser.swift */ = {isa = PBXFileReference; lastKnownFileType = sourcecode.swift; path = MapsParser.swift; sourceTree = "<group>"; };
		AB2171092A75165F006B901A /* SeasonsParser.swift */ = {isa = PBXFileReference; lastKnownFileType = sourcecode.swift; path = SeasonsParser.swift; sourceTree = "<group>"; };
		AB21710B2A75170D006B901A /* WeaponsParser.swift */ = {isa = PBXFileReference; lastKnownFileType = sourcecode.swift; path = WeaponsParser.swift; sourceTree = "<group>"; };
		AB21710F2A751D1E006B901A /* MainView.swift */ = {isa = PBXFileReference; lastKnownFileType = sourcecode.swift; path = MainView.swift; sourceTree = "<group>"; };
		AB5293062A751F800095679B /* AgentViewModel.swift */ = {isa = PBXFileReference; lastKnownFileType = sourcecode.swift; path = AgentViewModel.swift; sourceTree = "<group>"; };
		AB5293082A7546070095679B /* AgentsView.swift */ = {isa = PBXFileReference; lastKnownFileType = sourcecode.swift; path = AgentsView.swift; sourceTree = "<group>"; };
/* End PBXFileReference section */

/* Begin PBXFrameworksBuildPhase section */
		AB2170E02A73F5BF006B901A /* Frameworks */ = {
			isa = PBXFrameworksBuildPhase;
			buildActionMask = 2147483647;
			files = (
				AB52930C2A754C010095679B /* SDWebImageSwiftUI in Frameworks */,
				AB2171042A751464006B901A /* OptionallyDecodable in Frameworks */,
			);
			runOnlyForDeploymentPostprocessing = 0;
		};
/* End PBXFrameworksBuildPhase section */

/* Begin PBXGroup section */
		AB2170DA2A73F5BF006B901A = {
			isa = PBXGroup;
			children = (
				AB2170E52A73F5BF006B901A /* Valorant-Guide-SwiftUI */,
				AB2170E42A73F5BF006B901A /* Products */,
			);
			sourceTree = "<group>";
		};
		AB2170E42A73F5BF006B901A /* Products */ = {
			isa = PBXGroup;
			children = (
				AB2170E32A73F5BF006B901A /* Valorant-Guide-SwiftUI.app */,
			);
			name = Products;
			sourceTree = "<group>";
		};
		AB2170E52A73F5BF006B901A /* Valorant-Guide-SwiftUI */ = {
			isa = PBXGroup;
			children = (
				AB2170F42A73F5D0006B901A /* Model */,
				AB2170F62A73F5EE006B901A /* View Model */,
				AB2170F52A73F5E5006B901A /* View */,
				AB2170E62A73F5BF006B901A /* Valorant_Guide_SwiftUIApp.swift */,
				AB21710F2A751D1E006B901A /* MainView.swift */,
				AB2170EA2A73F5C0006B901A /* Assets.xcassets */,
				AB2170EC2A73F5C0006B901A /* Preview Content */,
				AB2170FB2A741E2F006B901A /* Empty.md */,
				AB2170FC2A741E85006B901A /* Test.swift */,
			);
			path = "Valorant-Guide-SwiftUI";
			sourceTree = "<group>";
		};
		AB2170EC2A73F5C0006B901A /* Preview Content */ = {
			isa = PBXGroup;
			children = (
				AB2170ED2A73F5C0006B901A /* Preview Assets.xcassets */,
			);
			path = "Preview Content";
			sourceTree = "<group>";
		};
		AB2170F42A73F5D0006B901A /* Model */ = {
			isa = PBXGroup;
			children = (
				AB2170FE2A751073006B901A /* APIHandler */,
				AB2170FF2A7510A3006B901A /* Parser */,
			);
			path = Model;
			sourceTree = "<group>";
		};
		AB2170F52A73F5E5006B901A /* View */ = {
			isa = PBXGroup;
			children = (
				AB5293082A7546070095679B /* AgentsView.swift */,
			);
			path = View;
			sourceTree = "<group>";
		};
		AB2170F62A73F5EE006B901A /* View Model */ = {
			isa = PBXGroup;
			children = (
				AB5293062A751F800095679B /* AgentViewModel.swift */,
			);
			path = "View Model";
			sourceTree = "<group>";
		};
		AB2170FE2A751073006B901A /* APIHandler */ = {
			isa = PBXGroup;
			children = (
				AB2170F72A74008F006B901A /* APIHandler.swift */,
			);
			path = APIHandler;
			sourceTree = "<group>";
		};
		AB2170FF2A7510A3006B901A /* Parser */ = {
			isa = PBXGroup;
			children = (
				AB2171002A751449006B901A /* AgentsParser.swift */,
				AB2171052A751499006B901A /* BundlesParser.swift */,
				AB2171072A7515B1006B901A /* MapsParser.swift */,
				AB21710B2A75170D006B901A /* WeaponsParser.swift */,
				AB2171092A75165F006B901A /* SeasonsParser.swift */,
			);
			path = Parser;
			sourceTree = "<group>";
		};
/* End PBXGroup section */

/* Begin PBXNativeTarget section */
		AB2170E22A73F5BF006B901A /* Valorant-Guide-SwiftUI */ = {
			isa = PBXNativeTarget;
			buildConfigurationList = AB2170F12A73F5C0006B901A /* Build configuration list for PBXNativeTarget "Valorant-Guide-SwiftUI" */;
			buildPhases = (
				AB2170DF2A73F5BF006B901A /* Sources */,
				AB2170E02A73F5BF006B901A /* Frameworks */,
				AB2170E12A73F5BF006B901A /* Resources */,
			);
			buildRules = (
			);
			dependencies = (
			);
			name = "Valorant-Guide-SwiftUI";
			packageProductDependencies = (
				AB2171032A751464006B901A /* OptionallyDecodable */,
				AB52930B2A754C010095679B /* SDWebImageSwiftUI */,
			);
			productName = "Valorant-Guide-SwiftUI";
			productReference = AB2170E32A73F5BF006B901A /* Valorant-Guide-SwiftUI.app */;
			productType = "com.apple.product-type.application";
		};
/* End PBXNativeTarget section */

/* Begin PBXProject section */
		AB2170DB2A73F5BF006B901A /* Project object */ = {
			isa = PBXProject;
			attributes = {
				BuildIndependentTargetsInParallel = 1;
				LastSwiftUpdateCheck = 1430;
				LastUpgradeCheck = 1430;
				TargetAttributes = {
					AB2170E22A73F5BF006B901A = {
						CreatedOnToolsVersion = 14.3.1;
					};
				};
			};
			buildConfigurationList = AB2170DE2A73F5BF006B901A /* Build configuration list for PBXProject "Valorant-Guide-SwiftUI" */;
			compatibilityVersion = "Xcode 14.0";
			developmentRegion = en;
			hasScannedForEncodings = 0;
			knownRegions = (
				en,
				Base,
			);
			mainGroup = AB2170DA2A73F5BF006B901A;
			packageReferences = (
				AB2171022A751464006B901A /* XCRemoteSwiftPackageReference "OptionallyDecodable" */,
				AB52930A2A754C010095679B /* XCRemoteSwiftPackageReference "SDWebImageSwiftUI" */,
			);
			productRefGroup = AB2170E42A73F5BF006B901A /* Products */;
			projectDirPath = "";
			projectRoot = "";
			targets = (
				AB2170E22A73F5BF006B901A /* Valorant-Guide-SwiftUI */,
			);
		};
/* End PBXProject section */

/* Begin PBXResourcesBuildPhase section */
		AB2170E12A73F5BF006B901A /* Resources */ = {
			isa = PBXResourcesBuildPhase;
			buildActionMask = 2147483647;
			files = (
				AB2170EE2A73F5C0006B901A /* Preview Assets.xcassets in Resources */,
				AB2170EB2A73F5C0006B901A /* Assets.xcassets in Resources */,
			);
			runOnlyForDeploymentPostprocessing = 0;
		};
/* End PBXResourcesBuildPhase section */

/* Begin PBXSourcesBuildPhase section */
		AB2170DF2A73F5BF006B901A /* Sources */ = {
			isa = PBXSourcesBuildPhase;
			buildActionMask = 2147483647;
			files = (
				AB2171062A751499006B901A /* BundlesParser.swift in Sources */,
				AB2171102A751D1E006B901A /* MainView.swift in Sources */,
				AB5293092A7546070095679B /* AgentsView.swift in Sources */,
				AB2170F82A74008F006B901A /* APIHandler.swift in Sources */,
				AB21710C2A75170D006B901A /* WeaponsParser.swift in Sources */,
				AB5293072A751F800095679B /* AgentViewModel.swift in Sources */,
				AB2170FD2A741E85006B901A /* Test.swift in Sources */,
				AB2171012A751449006B901A /* AgentsParser.swift in Sources */,
				AB2171082A7515B1006B901A /* MapsParser.swift in Sources */,
				AB2170E72A73F5BF006B901A /* Valorant_Guide_SwiftUIApp.swift in Sources */,
				AB21710A2A75165F006B901A /* SeasonsParser.swift in Sources */,
			);
			runOnlyForDeploymentPostprocessing = 0;
		};
/* End PBXSourcesBuildPhase section */

/* Begin XCBuildConfiguration section */
		AB2170EF2A73F5C0006B901A /* Debug */ = {
			isa = XCBuildConfiguration;
			buildSettings = {
				ALWAYS_SEARCH_USER_PATHS = NO;
				CLANG_ANALYZER_NONNULL = YES;
				CLANG_ANALYZER_NUMBER_OBJECT_CONVERSION = YES_AGGRESSIVE;
				CLANG_CXX_LANGUAGE_STANDARD = "gnu++20";
				CLANG_ENABLE_MODULES = YES;
				CLANG_ENABLE_OBJC_ARC = YES;
				CLANG_ENABLE_OBJC_WEAK = YES;
				CLANG_WARN_BLOCK_CAPTURE_AUTORELEASING = YES;
				CLANG_WARN_BOOL_CONVERSION = YES;
				CLANG_WARN_COMMA = YES;
				CLANG_WARN_CONSTANT_CONVERSION = YES;
				CLANG_WARN_DEPRECATED_OBJC_IMPLEMENTATIONS = YES;
				CLANG_WARN_DIRECT_OBJC_ISA_USAGE = YES_ERROR;
				CLANG_WARN_DOCUMENTATION_COMMENTS = YES;
				CLANG_WARN_EMPTY_BODY = YES;
				CLANG_WARN_ENUM_CONVERSION = YES;
				CLANG_WARN_INFINITE_RECURSION = YES;
				CLANG_WARN_INT_CONVERSION = YES;
				CLANG_WARN_NON_LITERAL_NULL_CONVERSION = YES;
				CLANG_WARN_OBJC_IMPLICIT_RETAIN_SELF = YES;
				CLANG_WARN_OBJC_LITERAL_CONVERSION = YES;
				CLANG_WARN_OBJC_ROOT_CLASS = YES_ERROR;
				CLANG_WARN_QUOTED_INCLUDE_IN_FRAMEWORK_HEADER = YES;
				CLANG_WARN_RANGE_LOOP_ANALYSIS = YES;
				CLANG_WARN_STRICT_PROTOTYPES = YES;
				CLANG_WARN_SUSPICIOUS_MOVE = YES;
				CLANG_WARN_UNGUARDED_AVAILABILITY = YES_AGGRESSIVE;
				CLANG_WARN_UNREACHABLE_CODE = YES;
				CLANG_WARN__DUPLICATE_METHOD_MATCH = YES;
				COPY_PHASE_STRIP = NO;
				DEBUG_INFORMATION_FORMAT = dwarf;
				ENABLE_STRICT_OBJC_MSGSEND = YES;
				ENABLE_TESTABILITY = YES;
				GCC_C_LANGUAGE_STANDARD = gnu11;
				GCC_DYNAMIC_NO_PIC = NO;
				GCC_NO_COMMON_BLOCKS = YES;
				GCC_OPTIMIZATION_LEVEL = 0;
				GCC_PREPROCESSOR_DEFINITIONS = (
					"DEBUG=1",
					"$(inherited)",
				);
				GCC_WARN_64_TO_32_BIT_CONVERSION = YES;
				GCC_WARN_ABOUT_RETURN_TYPE = YES_ERROR;
				GCC_WARN_UNDECLARED_SELECTOR = YES;
				GCC_WARN_UNINITIALIZED_AUTOS = YES_AGGRESSIVE;
				GCC_WARN_UNUSED_FUNCTION = YES;
				GCC_WARN_UNUSED_VARIABLE = YES;
				IPHONEOS_DEPLOYMENT_TARGET = 16.4;
				MTL_ENABLE_DEBUG_INFO = INCLUDE_SOURCE;
				MTL_FAST_MATH = YES;
				ONLY_ACTIVE_ARCH = YES;
				SDKROOT = iphoneos;
				SWIFT_ACTIVE_COMPILATION_CONDITIONS = DEBUG;
				SWIFT_OPTIMIZATION_LEVEL = "-Onone";
			};
			name = Debug;
		};
		AB2170F02A73F5C0006B901A /* Release */ = {
			isa = XCBuildConfiguration;
			buildSettings = {
				ALWAYS_SEARCH_USER_PATHS = NO;
				CLANG_ANALYZER_NONNULL = YES;
				CLANG_ANALYZER_NUMBER_OBJECT_CONVERSION = YES_AGGRESSIVE;
				CLANG_CXX_LANGUAGE_STANDARD = "gnu++20";
				CLANG_ENABLE_MODULES = YES;
				CLANG_ENABLE_OBJC_ARC = YES;
				CLANG_ENABLE_OBJC_WEAK = YES;
				CLANG_WARN_BLOCK_CAPTURE_AUTORELEASING = YES;
				CLANG_WARN_BOOL_CONVERSION = YES;
				CLANG_WARN_COMMA = YES;
				CLANG_WARN_CONSTANT_CONVERSION = YES;
				CLANG_WARN_DEPRECATED_OBJC_IMPLEMENTATIONS = YES;
				CLANG_WARN_DIRECT_OBJC_ISA_USAGE = YES_ERROR;
				CLANG_WARN_DOCUMENTATION_COMMENTS = YES;
				CLANG_WARN_EMPTY_BODY = YES;
				CLANG_WARN_ENUM_CONVERSION = YES;
				CLANG_WARN_INFINITE_RECURSION = YES;
				CLANG_WARN_INT_CONVERSION = YES;
				CLANG_WARN_NON_LITERAL_NULL_CONVERSION = YES;
				CLANG_WARN_OBJC_IMPLICIT_RETAIN_SELF = YES;
				CLANG_WARN_OBJC_LITERAL_CONVERSION = YES;
				CLANG_WARN_OBJC_ROOT_CLASS = YES_ERROR;
				CLANG_WARN_QUOTED_INCLUDE_IN_FRAMEWORK_HEADER = YES;
				CLANG_WARN_RANGE_LOOP_ANALYSIS = YES;
				CLANG_WARN_STRICT_PROTOTYPES = YES;
				CLANG_WARN_SUSPICIOUS_MOVE = YES;
				CLANG_WARN_UNGUARDED_AVAILABILITY = YES_AGGRESSIVE;
				CLANG_WARN_UNREACHABLE_CODE = YES;
				CLANG_WARN__DUPLICATE_METHOD_MATCH = YES;
				COPY_PHASE_STRIP = NO;
				DEBUG_INFORMATION_FORMAT = "dwarf-with-dsym";
				ENABLE_NS_ASSERTIONS = NO;
				ENABLE_STRICT_OBJC_MSGSEND = YES;
				GCC_C_LANGUAGE_STANDARD = gnu11;
				GCC_NO_COMMON_BLOCKS = YES;
				GCC_WARN_64_TO_32_BIT_CONVERSION = YES;
				GCC_WARN_ABOUT_RETURN_TYPE = YES_ERROR;
				GCC_WARN_UNDECLARED_SELECTOR = YES;
				GCC_WARN_UNINITIALIZED_AUTOS = YES_AGGRESSIVE;
				GCC_WARN_UNUSED_FUNCTION = YES;
				GCC_WARN_UNUSED_VARIABLE = YES;
				IPHONEOS_DEPLOYMENT_TARGET = 16.4;
				MTL_ENABLE_DEBUG_INFO = NO;
				MTL_FAST_MATH = YES;
				SDKROOT = iphoneos;
				SWIFT_COMPILATION_MODE = wholemodule;
				SWIFT_OPTIMIZATION_LEVEL = "-O";
				VALIDATE_PRODUCT = YES;
			};
			name = Release;
		};
		AB2170F22A73F5C0006B901A /* Debug */ = {
			isa = XCBuildConfiguration;
			buildSettings = {
				ASSETCATALOG_COMPILER_APPICON_NAME = AppIcon;
				ASSETCATALOG_COMPILER_GLOBAL_ACCENT_COLOR_NAME = AccentColor;
				CODE_SIGN_STYLE = Automatic;
				CURRENT_PROJECT_VERSION = 1;
				DEVELOPMENT_ASSET_PATHS = "\"Valorant-Guide-SwiftUI/Preview Content\"";
				DEVELOPMENT_TEAM = 3Q8FDFK3WX;
				ENABLE_PREVIEWS = YES;
				GENERATE_INFOPLIST_FILE = YES;
				INFOPLIST_KEY_UIApplicationSceneManifest_Generation = YES;
				INFOPLIST_KEY_UIApplicationSupportsIndirectInputEvents = YES;
				INFOPLIST_KEY_UILaunchScreen_Generation = YES;
				INFOPLIST_KEY_UISupportedInterfaceOrientations_iPad = "UIInterfaceOrientationPortrait UIInterfaceOrientationPortraitUpsideDown UIInterfaceOrientationLandscapeLeft UIInterfaceOrientationLandscapeRight";
				INFOPLIST_KEY_UISupportedInterfaceOrientations_iPhone = "UIInterfaceOrientationPortrait UIInterfaceOrientationLandscapeLeft UIInterfaceOrientationLandscapeRight";
				LD_RUNPATH_SEARCH_PATHS = (
					"$(inherited)",
					"@executable_path/Frameworks",
				);
				MARKETING_VERSION = 1.0;
				PRODUCT_BUNDLE_IDENTIFIER = "com.salah.12488.Valorant-Guide-SwiftUI";
				PRODUCT_NAME = "$(TARGET_NAME)";
				SWIFT_EMIT_LOC_STRINGS = YES;
				SWIFT_VERSION = 5.0;
				TARGETED_DEVICE_FAMILY = "1,2";
			};
			name = Debug;
		};
		AB2170F32A73F5C0006B901A /* Release */ = {
			isa = XCBuildConfiguration;
			buildSettings = {
				ASSETCATALOG_COMPILER_APPICON_NAME = AppIcon;
				ASSETCATALOG_COMPILER_GLOBAL_ACCENT_COLOR_NAME = AccentColor;
				CODE_SIGN_STYLE = Automatic;
				CURRENT_PROJECT_VERSION = 1;
				DEVELOPMENT_ASSET_PATHS = "\"Valorant-Guide-SwiftUI/Preview Content\"";
				DEVELOPMENT_TEAM = 3Q8FDFK3WX;
				ENABLE_PREVIEWS = YES;
				GENERATE_INFOPLIST_FILE = YES;
				INFOPLIST_KEY_UIApplicationSceneManifest_Generation = YES;
				INFOPLIST_KEY_UIApplicationSupportsIndirectInputEvents = YES;
				INFOPLIST_KEY_UILaunchScreen_Generation = YES;
				INFOPLIST_KEY_UISupportedInterfaceOrientations_iPad = "UIInterfaceOrientationPortrait UIInterfaceOrientationPortraitUpsideDown UIInterfaceOrientationLandscapeLeft UIInterfaceOrientationLandscapeRight";
				INFOPLIST_KEY_UISupportedInterfaceOrientations_iPhone = "UIInterfaceOrientationPortrait UIInterfaceOrientationLandscapeLeft UIInterfaceOrientationLandscapeRight";
				LD_RUNPATH_SEARCH_PATHS = (
					"$(inherited)",
					"@executable_path/Frameworks",
				);
				MARKETING_VERSION = 1.0;
				PRODUCT_BUNDLE_IDENTIFIER = "com.salah.12488.Valorant-Guide-SwiftUI";
				PRODUCT_NAME = "$(TARGET_NAME)";
				SWIFT_EMIT_LOC_STRINGS = YES;
				SWIFT_VERSION = 5.0;
				TARGETED_DEVICE_FAMILY = "1,2";
			};
			name = Release;
		};
/* End XCBuildConfiguration section */

/* Begin XCConfigurationList section */
		AB2170DE2A73F5BF006B901A /* Build configuration list for PBXProject "Valorant-Guide-SwiftUI" */ = {
			isa = XCConfigurationList;
			buildConfigurations = (
				AB2170EF2A73F5C0006B901A /* Debug */,
				AB2170F02A73F5C0006B901A /* Release */,
			);
			defaultConfigurationIsVisible = 0;
			defaultConfigurationName = Release;
		};
		AB2170F12A73F5C0006B901A /* Build configuration list for PBXNativeTarget "Valorant-Guide-SwiftUI" */ = {
			isa = XCConfigurationList;
			buildConfigurations = (
				AB2170F22A73F5C0006B901A /* Debug */,
				AB2170F32A73F5C0006B901A /* Release */,
			);
			defaultConfigurationIsVisible = 0;
			defaultConfigurationName = Release;
		};
/* End XCConfigurationList section */

/* Begin XCRemoteSwiftPackageReference section */
		AB2171022A751464006B901A /* XCRemoteSwiftPackageReference "OptionallyDecodable" */ = {
			isa = XCRemoteSwiftPackageReference;
			repositoryURL = "https://github.com/idrougge/OptionallyDecodable";
			requirement = {
				kind = upToNextMajorVersion;
				minimumVersion = 1.0.0;
			};
		};
		AB52930A2A754C010095679B /* XCRemoteSwiftPackageReference "SDWebImageSwiftUI" */ = {
			isa = XCRemoteSwiftPackageReference;
			repositoryURL = "https://github.com/SDWebImage/SDWebImageSwiftUI";
			requirement = {
				kind = upToNextMajorVersion;
				minimumVersion = 2.0.0;
			};
		};
/* End XCRemoteSwiftPackageReference section */

/* Begin XCSwiftPackageProductDependency section */
		AB2171032A751464006B901A /* OptionallyDecodable */ = {
			isa = XCSwiftPackageProductDependency;
			package = AB2171022A751464006B901A /* XCRemoteSwiftPackageReference "OptionallyDecodable" */;
			productName = OptionallyDecodable;
		};
		AB52930B2A754C010095679B /* SDWebImageSwiftUI */ = {
			isa = XCSwiftPackageProductDependency;
			package = AB52930A2A754C010095679B /* XCRemoteSwiftPackageReference "SDWebImageSwiftUI" */;
			productName = SDWebImageSwiftUI;
		};
/* End XCSwiftPackageProductDependency section */
	};
	rootObject = AB2170DB2A73F5BF006B901A /* Project object */;
}
